
Microsoft Visual Studio Solution File, Format Version 12.00
# Visual Studio Version 17
VisualStudioVersion = 17.9.34526.213
MinimumVisualStudioVersion = 10.0.40219.1
Project("{FAE04EC0-301F-11D3-BF4B-00C04F79EFBC}") = "ConLibrary", "ConLibrary\ConLibrary.csproj", "{B744B7C4-BC5B-485A-A5C0-1B554E8ED398}"
EndProject
Global
	GlobalSection(SolutionConfigurationPlatforms) = preSolution
		Debug|Any CPU = Debug|Any CPU
		Release|Any CPU = Release|Any CPU
	EndGlobalSection
	GlobalSection(ProjectConfigurationPlatforms) = postSolution
		{B744B7C4-BC5B-485A-A5C0-1B554E8ED398}.Debug|Any CPU.ActiveCfg = Debug|Any CPU
		{B744B7C4-BC5B-485A-A5C0-1B554E8ED398}.Debug|Any CPU.Build.0 = Debug|Any CPU
		{B744B7C4-BC5B-485A-A5C0-1B554E8ED398}.Release|Any CPU.ActiveCfg = Release|Any CPU
		{B744B7C4-BC5B-485A-A5C0-1B554E8ED398}.Release|Any CPU.Build.0 = Release|Any CPU
	EndGlobalSection
	GlobalSection(SolutionProperties) = preSolution
		HideSolutionNode = FALSE
	EndGlobalSection
	GlobalSection(ExtensibilityGlobals) = postSolution
		SolutionGuid = {723A2F8E-4100-40A0-85E6-61C9641A511E}
	EndGlobalSection
EndGlobal
