
Microsoft Visual Studio Solution File, Format Version 12.00
# Visual Studio Version 17
VisualStudioVersion = 17.9.34526.213
MinimumVisualStudioVersion = 10.0.40219.1
Project("{FAE04EC0-301F-11D3-BF4B-00C04F79EFBC}") = "19.11", "19.11\19.11.csproj", "{A5AD84BD-2627-42DB-8DFA-4C4ACD8E1F5B}"
EndProject
Global
	GlobalSection(SolutionConfigurationPlatforms) = preSolution
		Debug|Any CPU = Debug|Any CPU
		Release|Any CPU = Release|Any CPU
	EndGlobalSection
	GlobalSection(ProjectConfigurationPlatforms) = postSolution
		{A5AD84BD-2627-42DB-8DFA-4C4ACD8E1F5B}.Debug|Any CPU.ActiveCfg = Debug|Any CPU
		{A5AD84BD-2627-42DB-8DFA-4C4ACD8E1F5B}.Debug|Any CPU.Build.0 = Debug|Any CPU
		{A5AD84BD-2627-42DB-8DFA-4C4ACD8E1F5B}.Release|Any CPU.ActiveCfg = Release|Any CPU
		{A5AD84BD-2627-42DB-8DFA-4C4ACD8E1F5B}.Release|Any CPU.Build.0 = Release|Any CPU
	EndGlobalSection
	GlobalSection(SolutionProperties) = preSolution
		HideSolutionNode = FALSE
	EndGlobalSection
	GlobalSection(ExtensibilityGlobals) = postSolution
		SolutionGuid = {D8205B3A-4FE8-4A34-B65F-CDD3B44141F7}
	EndGlobalSection
EndGlobal
